
Microsoft Visual Studio Solution File, Format Version 12.00
# Visual Studio Version 17
VisualStudioVersion = 17.3.32825.248
MinimumVisualStudioVersion = 10.0.40219.1
Project("{8BC9CEB8-8B4A-11D0-8D11-00A0C91BC942}") = "2-3 11.18", "2-3 11.18\2-3 11.18.vcxproj", "{B780342E-45F3-45EB-B74E-491239D90DBF}"
EndProject
Global
	GlobalSection(SolutionConfigurationPlatforms) = preSolution
		Debug|x64 = Debug|x64
		Debug|x86 = Debug|x86
		Release|x64 = Release|x64
		Release|x86 = Release|x86
	EndGlobalSection
	GlobalSection(ProjectConfigurationPlatforms) = postSolution
		{B780342E-45F3-45EB-B74E-491239D90DBF}.Debug|x64.ActiveCfg = Debug|x64
		{B780342E-45F3-45EB-B74E-491239D90DBF}.Debug|x64.Build.0 = Debug|x64
		{B780342E-45F3-45EB-B74E-491239D90DBF}.Debug|x86.ActiveCfg = Debug|Win32
		{B780342E-45F3-45EB-B74E-491239D90DBF}.Debug|x86.Build.0 = Debug|Win32
		{B780342E-45F3-45EB-B74E-491239D90DBF}.Release|x64.ActiveCfg = Release|x64
		{B780342E-45F3-45EB-B74E-491239D90DBF}.Release|x64.Build.0 = Release|x64
		{B780342E-45F3-45EB-B74E-491239D90DBF}.Release|x86.ActiveCfg = Release|Win32
		{B780342E-45F3-45EB-B74E-491239D90DBF}.Release|x86.Build.0 = Release|Win32
	EndGlobalSection
	GlobalSection(SolutionProperties) = preSolution
		HideSolutionNode = FALSE
	EndGlobalSection
	GlobalSection(ExtensibilityGlobals) = postSolution
		SolutionGuid = {FC95BE0C-D715-43E1-BABD-1F01F790A115}
	EndGlobalSection
EndGlobal
